
Microsoft Visual Studio Solution File, Format Version 12.00
# Visual Studio Version 16
VisualStudioVersion = 16.0.32228.343
MinimumVisualStudioVersion = 10.0.40219.1
Project("{F184B08F-C81C-45F6-A57F-5ABD9991F28F}") = "VisualBasicBasics", "VisualBasicBasics.vbproj", "{03956E3F-6143-43EA-8BD3-CDCFD6F0D8F9}"
EndProject
Global
	GlobalSection(SolutionConfigurationPlatforms) = preSolution
		Debug|Any CPU = Debug|Any CPU
		Release|Any CPU = Release|Any CPU
	EndGlobalSection
	GlobalSection(ProjectConfigurationPlatforms) = postSolution
		{03956E3F-6143-43EA-8BD3-CDCFD6F0D8F9}.Debug|Any CPU.ActiveCfg = Debug|Any CPU
		{03956E3F-6143-43EA-8BD3-CDCFD6F0D8F9}.Debug|Any CPU.Build.0 = Debug|Any CPU
		{03956E3F-6143-43EA-8BD3-CDCFD6F0D8F9}.Release|Any CPU.ActiveCfg = Release|Any CPU
		{03956E3F-6143-43EA-8BD3-CDCFD6F0D8F9}.Release|Any CPU.Build.0 = Release|Any CPU
	EndGlobalSection
	GlobalSection(SolutionProperties) = preSolution
		HideSolutionNode = FALSE
	EndGlobalSection
	GlobalSection(ExtensibilityGlobals) = postSolution
		SolutionGuid = {0BD06341-9FBB-4FD3-BC7F-8C1D99502DCF}
	EndGlobalSection
EndGlobal
